{
  "nodes": {
    "home-manager": {
      "inputs": {
        "nixpkgs": [
          "nixpkgs"
        ]
      },
      "locked": {
        "lastModified": 1775077333,
        "narHash": "sha256-OXcxobt7lBkh1B8AjwreU+24myhtKpqeLfAeIyNLFY8=",
        "owner": "nix-community",
        "repo": "home-manager",
        "rev": "49ca96b2714c5931e17401eff87f3edd42d2b0f2",
        "type": "github"
      },
      "original": {
        "owner": "nix-community",
        "ref": "release-25.11",
        "repo": "home-manager",
        "type": "github"
      }
    },
    "nixpkgs": {
      "locked": {
        "lastModified": 1775002709,
        "narHash": "sha256-d3Yx83vSrN+2z/loBh4mJpyRqr9aAJqlke4TkpFmRJA=",
        "owner": "NixOS",
        "repo": "nixpkgs",
        "rev": "bcd464ccd2a1a7cd09aa2f8d4ffba83b761b1d0e",
        "type": "github"
      },
      "original": {
        "owner": "NixOS",
        "ref": "nixos-25.11",
        "repo": "nixpkgs",
        "type": "github"
      }
    },
    "nvim-kickstart": {
      "flake": false,
      "locked": {
        "lastModified": 1775249040,
        "narHash": "sha256-HOPZ2fyCRafInZTGHFUGc8RCL6qf0+J6iXYgyLHhBxU=",
        "owner": "awheeler294",
        "repo": "kickstart.nvim",
        "rev": "84e7fae7554f34736b40f15c1d7a5ed3a6ccd9df",
        "type": "github"
      },
      "original": {
        "owner": "awheeler294",
        "repo": "kickstart.nvim",
        "type": "github"
      }
    },
    "root": {
      "inputs": {
        "home-manager": "home-manager",
        "nixpkgs": "nixpkgs",
        "nvim-kickstart": "nvim-kickstart",
        "ssh-keys": "ssh-keys"
      }
    },
    "ssh-keys": {
      "flake": false,
      "locked": {
        "narHash": "sha256-TT6Rry8bBn3V06ENqppRgcbDJ1ULTpejS2Bf5lP1IcY=",
        "type": "file",
        "url": "https://github.com/awheeler294.keys"
      },
      "original": {
        "type": "file",
        "url": "https://github.com/awheeler294.keys"
      }
    }
  },
  "root": "root",
  "version": 7
}
