{
  "nodes": {
    "home-manager": {
      "inputs": {
        "nixpkgs": [
          "nixpkgs"
        ]
      },
      "locked": {
        "lastModified": 1777771528,
        "narHash": "sha256-YycygK6n7KeW1YCobdFJcORWzkmrvNcp6xT+IovA0d4=",
        "owner": "nix-community",
        "repo": "home-manager",
        "rev": "0585fbf645640973e3398863bbaf3bd1ddce4a51",
        "type": "github"
      },
      "original": {
        "owner": "nix-community",
        "ref": "release-25.11",
        "repo": "home-manager",
        "type": "github"
      }
    },
    "nixpkgs": {
      "locked": {
        "lastModified": 1777673416,
        "narHash": "sha256-5c2POKPOjU40Kh0MirOdScBLG0bu9TAuPYAtPRNZMBs=",
        "owner": "NixOS",
        "repo": "nixpkgs",
        "rev": "26ef669cffa904b6f6832ab57b77892a37c1a671",
        "type": "github"
      },
      "original": {
        "owner": "NixOS",
        "ref": "nixos-25.11",
        "repo": "nixpkgs",
        "type": "github"
      }
    },
    "nvim-kickstart": {
      "flake": false,
      "locked": {
        "lastModified": 1775249040,
        "narHash": "sha256-HOPZ2fyCRafInZTGHFUGc8RCL6qf0+J6iXYgyLHhBxU=",
        "owner": "awheeler294",
        "repo": "kickstart.nvim",
        "rev": "84e7fae7554f34736b40f15c1d7a5ed3a6ccd9df",
        "type": "github"
      },
      "original": {
        "owner": "awheeler294",
        "repo": "kickstart.nvim",
        "type": "github"
      }
    },
    "root": {
      "inputs": {
        "home-manager": "home-manager",
        "nixpkgs": "nixpkgs",
        "nvim-kickstart": "nvim-kickstart",
        "ssh-keys": "ssh-keys"
      }
    },
    "ssh-keys": {
      "flake": false,
      "locked": {
        "narHash": "sha256-TT6Rry8bBn3V06ENqppRgcbDJ1ULTpejS2Bf5lP1IcY=",
        "type": "file",
        "url": "https://github.com/awheeler294.keys"
      },
      "original": {
        "type": "file",
        "url": "https://github.com/awheeler294.keys"
      }
    }
  },
  "root": "root",
  "version": 7
}
