{
  "nodes": {
    "home-manager": {
      "inputs": {
        "nixpkgs": [
          "nixpkgs"
        ]
      },
      "locked": {
        "lastModified": 1775077333,
        "narHash": "sha256-OXcxobt7lBkh1B8AjwreU+24myhtKpqeLfAeIyNLFY8=",
        "owner": "nix-community",
        "repo": "home-manager",
        "rev": "49ca96b2714c5931e17401eff87f3edd42d2b0f2",
        "type": "github"
      },
      "original": {
        "owner": "nix-community",
        "ref": "release-25.11",
        "repo": "home-manager",
        "type": "github"
      }
    },
    "nix-darwin": {
      "inputs": {
        "nixpkgs": [
          "nixpkgs"
        ]
      },
      "locked": {
        "lastModified": 1772129556,
        "narHash": "sha256-Utk0zd8STPsUJPyjabhzPc5BpPodLTXrwkpXBHYnpeg=",
        "owner": "nix-darwin",
        "repo": "nix-darwin",
        "rev": "ebec37af18215214173c98cf6356d0aca24a2585",
        "type": "github"
      },
      "original": {
        "owner": "nix-darwin",
        "ref": "nix-darwin-25.11",
        "repo": "nix-darwin",
        "type": "github"
      }
    },
    "nixpkgs": {
      "locked": {
        "lastModified": 1775127240,
        "narHash": "sha256-+qvtfScwPiorRatISWv4X8Mmx+sS9kCn6aCrptfWRsU=",
        "owner": "NixOS",
        "repo": "nixpkgs",
        "rev": "cff6bcc05680cea7406aa1f293d76be9c1483f02",
        "type": "github"
      },
      "original": {
        "owner": "NixOS",
        "ref": "nixpkgs-25.11-darwin",
        "repo": "nixpkgs",
        "type": "github"
      }
    },
    "nvim-kickstart": {
      "flake": false,
      "locked": {
        "lastModified": 1775170526,
        "narHash": "sha256-twTpD+5SYDRZrbvvGut60ZN7+EaXSPowOgy/ekA0UAw=",
        "owner": "awheeler294",
        "repo": "kickstart.nvim",
        "rev": "e4ba7661313b820d468788776111b593c4b190f7",
        "type": "github"
      },
      "original": {
        "owner": "awheeler294",
        "repo": "kickstart.nvim",
        "type": "github"
      }
    },
    "paneru": {
      "inputs": {
        "nixpkgs": [
          "nixpkgs"
        ]
      },
      "locked": {
        "lastModified": 1774726735,
        "narHash": "sha256-QjZ/kdui5PvAAVCGUc6U/6jvKhY14kSRcHg5p7EDO4g=",
        "owner": "karinushka",
        "repo": "paneru",
        "rev": "55ddd584c0dacade7ab8f2acdff92192ba457121",
        "type": "github"
      },
      "original": {
        "owner": "karinushka",
        "repo": "paneru",
        "type": "github"
      }
    },
    "root": {
      "inputs": {
        "home-manager": "home-manager",
        "nix-darwin": "nix-darwin",
        "nixpkgs": "nixpkgs",
        "nvim-kickstart": "nvim-kickstart",
        "paneru": "paneru"
      }
    }
  },
  "root": "root",
  "version": 7
}
